
Microsoft Visual Studio Solution File, Format Version 12.00
# Visual Studio Version 17
VisualStudioVersion = 17.5.33502.453
MinimumVisualStudioVersion = 10.0.40219.1
Project("{FAE04EC0-301F-11D3-BF4B-00C04F79EFBC}") = "Dictionary", "Dictionary\Dictionary.csproj", "{F58C0A8B-F44F-4314-BA6B-A6FAE3F6EED2}"
EndProject
Project("{FAE04EC0-301F-11D3-BF4B-00C04F79EFBC}") = "TestProject1", "TestProject1\TestProject1.csproj", "{1F7BD2A0-A56E-42C7-ADDC-C564786D8699}"
EndProject
Project("{FAE04EC0-301F-11D3-BF4B-00C04F79EFBC}") = "WinFormsAppDictionary", "WinFormsAppDictionary\WinFormsAppDictionary.csproj", "{E93BDCBE-5151-458C-9099-C726770D71C3}"
EndProject
Global
	GlobalSection(SolutionConfigurationPlatforms) = preSolution
		Debug|Any CPU = Debug|Any CPU
		Release|Any CPU = Release|Any CPU
	EndGlobalSection
	GlobalSection(ProjectConfigurationPlatforms) = postSolution
		{F58C0A8B-F44F-4314-BA6B-A6FAE3F6EED2}.Debug|Any CPU.ActiveCfg = Debug|Any CPU
		{F58C0A8B-F44F-4314-BA6B-A6FAE3F6EED2}.Debug|Any CPU.Build.0 = Debug|Any CPU
		{F58C0A8B-F44F-4314-BA6B-A6FAE3F6EED2}.Release|Any CPU.ActiveCfg = Release|Any CPU
		{F58C0A8B-F44F-4314-BA6B-A6FAE3F6EED2}.Release|Any CPU.Build.0 = Release|Any CPU
		{1F7BD2A0-A56E-42C7-ADDC-C564786D8699}.Debug|Any CPU.ActiveCfg = Debug|Any CPU
		{1F7BD2A0-A56E-42C7-ADDC-C564786D8699}.Debug|Any CPU.Build.0 = Debug|Any CPU
		{1F7BD2A0-A56E-42C7-ADDC-C564786D8699}.Release|Any CPU.ActiveCfg = Release|Any CPU
		{1F7BD2A0-A56E-42C7-ADDC-C564786D8699}.Release|Any CPU.Build.0 = Release|Any CPU
		{E93BDCBE-5151-458C-9099-C726770D71C3}.Debug|Any CPU.ActiveCfg = Debug|Any CPU
		{E93BDCBE-5151-458C-9099-C726770D71C3}.Debug|Any CPU.Build.0 = Debug|Any CPU
		{E93BDCBE-5151-458C-9099-C726770D71C3}.Release|Any CPU.ActiveCfg = Release|Any CPU
		{E93BDCBE-5151-458C-9099-C726770D71C3}.Release|Any CPU.Build.0 = Release|Any CPU
	EndGlobalSection
	GlobalSection(SolutionProperties) = preSolution
		HideSolutionNode = FALSE
	EndGlobalSection
	GlobalSection(ExtensibilityGlobals) = postSolution
		SolutionGuid = {5EC39209-9A9E-42E8-A8D9-D27A98C12146}
	EndGlobalSection
EndGlobal
